{
  "requires": true,
  "lockfileVersion": 1,
  "dependencies": {
    "@sanjo/web-components": {
      "version": "1.0.0",
      "resolved": "https://registry.npmjs.org/@sanjo/web-components/-/web-components-1.0.0.tgz",
      "integrity": "sha512-DxO0Z0mnbFyV+t3RR5HkCwgyQYHzjNtoVjw0LdMIz05NAAlGNxJNAYez0X0GeiJAg8m+z2NPWdmVxKPTSxEDOw=="
    }
  }
}
